{
  "name": "khaled-alhwary---integrated-learning-environment",
  "version": "0.0.0",
  "lockfileVersion": 3,
  "requires": true,
  "packages": {
    "": {
      "name": "khaled-alhwary---integrated-learning-environment",
      "version": "0.0.0",
      "license": "ISC",
      "dependencies": {
        "@google/genai": "latest",
        "react": "^19.1.1",
        "react-dom": "^19.1.1",
        "react-markdown": "^10.1.0",
        "react-router-dom": "^7.9.1",
        "uuid": "^13.0.0"
      },
      "devDependencies": {
        "@types/node": "^20.0.0",
        "@vitejs/plugin-react": "^5.0.0",
        "typescript": "~5.8.2",
        "vite": "^6.2.0"
      }
    }
  }
}
